// !$*UTF8*$!
{
	archiveVersion = 1;
	classes = {
	};
	objectVersion = 46;
	objects = {

/* Begin PBXBuildFile section */
		45C436651B64169700075676 /* safeload.m in Sources */ = {isa = PBXBuildFile; fileRef = 45C436641B64169700075676 /* safeload.m */; };
		45C436681B64282100075676 /* Opee.framework in Frameworks */ = {isa = PBXBuildFile; fileRef = 45C436671B64282100075676 /* Opee.framework */; };
/* End PBXBuildFile section */

/* Begin PBXFileReference section */
		45C436591B6415F500075676 /* safeload.bundle */ = {isa = PBXFileReference; explicitFileType = wrapper.cfbundle; includeInIndex = 0; path = safeload.bundle; sourceTree = BUILT_PRODUCTS_DIR; };
		45C4365D1B6415F500075676 /* .gitignore */ = {isa = PBXFileReference; lastKnownFileType = text; name = .gitignore; path = ../.gitignore; sourceTree = "<group>"; };
		45C4365E1B6415F500075676 /* Info.plist */ = {isa = PBXFileReference; lastKnownFileType = text.plist.xml; path = Info.plist; sourceTree = "<group>"; };
		45C436641B64169700075676 /* safeload.m */ = {isa = PBXFileReference; fileEncoding = 4; lastKnownFileType = sourcecode.c.objc; path = safeload.m; sourceTree = "<group>"; };
		45C436671B64282100075676 /* Opee.framework */ = {isa = PBXFileReference; lastKnownFileType = wrapper.framework; name = Opee.framework; path = ../../../../../Library/Frameworks/Opee.framework; sourceTree = "<group>"; };
/* End PBXFileReference section */

/* Begin PBXFrameworksBuildPhase section */
		45C436561B6415F500075676 /* Frameworks */ = {
			isa = PBXFrameworksBuildPhase;
			buildActionMask = 2147483647;
			files = (
				45C436681B64282100075676 /* Opee.framework in Frameworks */,
			);
			runOnlyForDeploymentPostprocessing = 0;
		};
/* End PBXFrameworksBuildPhase section */

/* Begin PBXGroup section */
		45C436501B6415F500075676 = {
			isa = PBXGroup;
			children = (
				45C436671B64282100075676 /* Opee.framework */,
				45C4365B1B6415F500075676 /* safeload */,
				45C4365A1B6415F500075676 /* Products */,
			);
			sourceTree = "<group>";
		};
		45C4365A1B6415F500075676 /* Products */ = {
			isa = PBXGroup;
			children = (
				45C436591B6415F500075676 /* safeload.bundle */,
			);
			name = Products;
			sourceTree = "<group>";
		};
		45C4365B1B6415F500075676 /* safeload */ = {
			isa = PBXGroup;
			children = (
				45C4365C1B6415F500075676 /* Supporting Files */,
				45C436641B64169700075676 /* safeload.m */,
			);
			path = safeload;
			sourceTree = "<group>";
		};
		45C4365C1B6415F500075676 /* Supporting Files */ = {
			isa = PBXGroup;
			children = (
				45C4365E1B6415F500075676 /* Info.plist */,
				45C4365D1B6415F500075676 /* .gitignore */,
			);
			name = "Supporting Files";
			sourceTree = "<group>";
		};
/* End PBXGroup section */

/* Begin PBXNativeTarget section */
		45C436581B6415F500075676 /* safeload */ = {
			isa = PBXNativeTarget;
			buildConfigurationList = 45C436611B6415F500075676 /* Build configuration list for PBXNativeTarget "safeload" */;
			buildPhases = (
				45C436551B6415F500075676 /* Sources */,
				45C436561B6415F500075676 /* Frameworks */,
				45C436571B6415F500075676 /* Resources */,
			);
			buildRules = (
			);
			dependencies = (
			);
			name = safeload;
			productName = safeload;
			productReference = 45C436591B6415F500075676 /* safeload.bundle */;
			productType = "com.apple.product-type.bundle";
		};
/* End PBXNativeTarget section */

/* Begin PBXProject section */
		45C436511B6415F500075676 /* Project object */ = {
			isa = PBXProject;
			attributes = {
				LastUpgradeCheck = 0700;
				ORGANIZATIONNAME = "Mustafa Gezen";
				TargetAttributes = {
					45C436581B6415F500075676 = {
						CreatedOnToolsVersion = 7.0;
					};
				};
			};
			buildConfigurationList = 45C436541B6415F500075676 /* Build configuration list for PBXProject "safeload" */;
			compatibilityVersion = "Xcode 3.2";
			developmentRegion = English;
			hasScannedForEncodings = 0;
			knownRegions = (
				en,
			);
			mainGroup = 45C436501B6415F500075676;
			productRefGroup = 45C4365A1B6415F500075676 /* Products */;
			projectDirPath = "";
			projectRoot = "";
			targets = (
				45C436581B6415F500075676 /* safeload */,
			);
		};
/* End PBXProject section */

/* Begin PBXResourcesBuildPhase section */
		45C436571B6415F500075676 /* Resources */ = {
			isa = PBXResourcesBuildPhase;
			buildActionMask = 2147483647;
			files = (
			);
			runOnlyForDeploymentPostprocessing = 0;
		};
/* End PBXResourcesBuildPhase section */

/* Begin PBXSourcesBuildPhase section */
		45C436551B6415F500075676 /* Sources */ = {
			isa = PBXSourcesBuildPhase;
			buildActionMask = 2147483647;
			files = (
				45C436651B64169700075676 /* safeload.m in Sources */,
			);
			runOnlyForDeploymentPostprocessing = 0;
		};
/* End PBXSourcesBuildPhase section */

/* Begin XCBuildConfiguration section */
		45C4365F1B6415F500075676 /* Debug */ = {
			isa = XCBuildConfiguration;
			buildSettings = {
				ALWAYS_SEARCH_USER_PATHS = NO;
				CLANG_CXX_LANGUAGE_STANDARD = "gnu++0x";
				CLANG_CXX_LIBRARY = "libc++";
				CLANG_ENABLE_MODULES = YES;
				CLANG_ENABLE_OBJC_ARC = YES;
				CLANG_WARN_BOOL_CONVERSION = YES;
				CLANG_WARN_CONSTANT_CONVERSION = YES;
				CLANG_WARN_DIRECT_OBJC_ISA_USAGE = YES_ERROR;
				CLANG_WARN_EMPTY_BODY = YES;
				CLANG_WARN_ENUM_CONVERSION = YES;
				CLANG_WARN_INT_CONVERSION = YES;
				CLANG_WARN_OBJC_ROOT_CLASS = YES_ERROR;
				CLANG_WARN_UNREACHABLE_CODE = YES;
				CLANG_WARN__DUPLICATE_METHOD_MATCH = YES;
				COPY_PHASE_STRIP = NO;
				DEBUG_INFORMATION_FORMAT = dwarf;
				ENABLE_STRICT_OBJC_MSGSEND = YES;
				ENABLE_TESTABILITY = YES;
				GCC_C_LANGUAGE_STANDARD = gnu99;
				GCC_DYNAMIC_NO_PIC = NO;
				GCC_NO_COMMON_BLOCKS = YES;
				GCC_OPTIMIZATION_LEVEL = 0;
				GCC_PREPROCESSOR_DEFINITIONS = (
					"DEBUG=1",
					"$(inherited)",
				);
				GCC_WARN_64_TO_32_BIT_CONVERSION = YES;
				GCC_WARN_ABOUT_RETURN_TYPE = YES_ERROR;
				GCC_WARN_UNDECLARED_SELECTOR = YES;
				GCC_WARN_UNINITIALIZED_AUTOS = YES_AGGRESSIVE;
				GCC_WARN_UNUSED_FUNCTION = YES;
				GCC_WARN_UNUSED_VARIABLE = YES;
				MACOSX_DEPLOYMENT_TARGET = 10.11;
				MTL_ENABLE_DEBUG_INFO = YES;
				ONLY_ACTIVE_ARCH = YES;
				SDKROOT = macosx;
			};
			name = Debug;
		};
		45C436601B6415F500075676 /* Release */ = {
			isa = XCBuildConfiguration;
			buildSettings = {
				ALWAYS_SEARCH_USER_PATHS = NO;
				CLANG_CXX_LANGUAGE_STANDARD = "gnu++0x";
				CLANG_CXX_LIBRARY = "libc++";
				CLANG_ENABLE_MODULES = YES;
				CLANG_ENABLE_OBJC_ARC = YES;
				CLANG_WARN_BOOL_CONVERSION = YES;
				CLANG_WARN_CONSTANT_CONVERSION = YES;
				CLANG_WARN_DIRECT_OBJC_ISA_USAGE = YES_ERROR;
				CLANG_WARN_EMPTY_BODY = YES;
				CLANG_WARN_ENUM_CONVERSION = YES;
				CLANG_WARN_INT_CONVERSION = YES;
				CLANG_WARN_OBJC_ROOT_CLASS = YES_ERROR;
				CLANG_WARN_UNREACHABLE_CODE = YES;
				CLANG_WARN__DUPLICATE_METHOD_MATCH = YES;
				COPY_PHASE_STRIP = NO;
				DEBUG_INFORMATION_FORMAT = "dwarf-with-dsym";
				ENABLE_NS_ASSERTIONS = NO;
				ENABLE_STRICT_OBJC_MSGSEND = YES;
				GCC_C_LANGUAGE_STANDARD = gnu99;
				GCC_NO_COMMON_BLOCKS = YES;
				GCC_WARN_64_TO_32_BIT_CONVERSION = YES;
				GCC_WARN_ABOUT_RETURN_TYPE = YES_ERROR;
				GCC_WARN_UNDECLARED_SELECTOR = YES;
				GCC_WARN_UNINITIALIZED_AUTOS = YES_AGGRESSIVE;
				GCC_WARN_UNUSED_FUNCTION = YES;
				GCC_WARN_UNUSED_VARIABLE = YES;
				MACOSX_DEPLOYMENT_TARGET = 10.11;
				MTL_ENABLE_DEBUG_INFO = NO;
				SDKROOT = macosx;
			};
			name = Release;
		};
		45C436621B6415F500075676 /* Debug */ = {
			isa = XCBuildConfiguration;
			buildSettings = {
				COMBINE_HIDPI_IMAGES = YES;
				DEPLOYMENT_LOCATION = YES;
				DEPLOYMENT_POSTPROCESSING = YES;
				DSTROOT = "";
				FRAMEWORK_SEARCH_PATHS = (
					"$(inherited)",
					"$(LOCAL_LIBRARY_DIR)/Frameworks",
				);
				INFOPLIST_FILE = safeload/Info.plist;
				INSTALL_PATH = /Library/Opee/Extensions;
				MACOSX_DEPLOYMENT_TARGET = "";
				PRODUCT_BUNDLE_IDENTIFIER = io.mstg.safeload;
				PRODUCT_NAME = "$(TARGET_NAME)";
				SKIP_INSTALL = NO;
				WRAPPER_EXTENSION = bundle;
			};
			name = Debug;
		};
		45C436631B6415F500075676 /* Release */ = {
			isa = XCBuildConfiguration;
			buildSettings = {
				COMBINE_HIDPI_IMAGES = YES;
				DEPLOYMENT_LOCATION = YES;
				DEPLOYMENT_POSTPROCESSING = YES;
				DSTROOT = "";
				FRAMEWORK_SEARCH_PATHS = (
					"$(inherited)",
					"$(LOCAL_LIBRARY_DIR)/Frameworks",
				);
				INFOPLIST_FILE = safeload/Info.plist;
				INSTALL_PATH = /Library/Opee/Extensions;
				MACOSX_DEPLOYMENT_TARGET = "";
				PRODUCT_BUNDLE_IDENTIFIER = io.mstg.safeload;
				PRODUCT_NAME = "$(TARGET_NAME)";
				SKIP_INSTALL = NO;
				WRAPPER_EXTENSION = bundle;
			};
			name = Release;
		};
/* End XCBuildConfiguration section */

/* Begin XCConfigurationList section */
		45C436541B6415F500075676 /* Build configuration list for PBXProject "safeload" */ = {
			isa = XCConfigurationList;
			buildConfigurations = (
				45C4365F1B6415F500075676 /* Debug */,
				45C436601B6415F500075676 /* Release */,
			);
			defaultConfigurationIsVisible = 0;
			defaultConfigurationName = Release;
		};
		45C436611B6415F500075676 /* Build configuration list for PBXNativeTarget "safeload" */ = {
			isa = XCConfigurationList;
			buildConfigurations = (
				45C436621B6415F500075676 /* Debug */,
				45C436631B6415F500075676 /* Release */,
			);
			defaultConfigurationIsVisible = 0;
		};
/* End XCConfigurationList section */
	};
	rootObject = 45C436511B6415F500075676 /* Project object */;
}
